{
  "name": "https-golang",
  "version": "1.0.0",
  "lockfileVersion": 1,
  "requires": true,
  "dependencies": {
    "hellojs": {
      "version": "1.18.1",
      "resolved": "https://registry.npmjs.org/hellojs/-/hellojs-1.18.1.tgz",
      "integrity": "sha512-T673GW3RSuM4xzYfJpp/wNPDbUG9FlNSNkQn0thII8DOpl3NphcmtmNrHrmv8hyk1fosJHkgzDfbcpJvmeq5Gw=="
    }
  }
}
